{
  "version": 4,
  "terraform_version": "0.15.4",
  "serial": 12,
  "lineage": "12bf7d66-e336-3cbb-c88f-c50171d3704b",
  "outputs": {},
  "resources": [
    {
      "mode": "managed",
      "type": "google_storage_bucket",
      "name": "bucket",
      "provider": "provider[\"registry.terraform.io/hashicorp/google\"]",
      "instances": [
        {
          "schema_version": 0,
          "attributes": {
            "bucket_policy_only": false,
            "cors": [],
            "encryption": [],
            "force_destroy": false,
            "id": "proteus-dataflow-dev",
            "labels": {},
            "lifecycle_rule": [],
            "location": "US",
            "logging": [],
            "name": "proteus-dataflow-dev",
            "project": "clgx-idap-clct-app-dev-d20c",
            "requester_pays": false,
            "retention_policy": [],
            "self_link": "https://www.googleapis.com/storage/v1/b/proteus-dataflow-dev",
            "storage_class": "STANDARD",
            "url": "gs://proteus-dataflow-dev",
            "versioning": [],
            "website": []
          },
          "sensitive_attributes": [],
          "private": "bnVsbA=="
        }
      ]
    },
    {
      "mode": "managed",
      "type": "google_storage_bucket_object",
      "name": "folders",
      "provider": "provider[\"registry.terraform.io/hashicorp/google\"]",
      "instances": [
        {
          "schema_version": 0,
          "attributes": {
            "bucket": "proteus-dataflow-dev",
            "cache_control": "",
            "content": "foo",
            "content_disposition": "",
            "content_encoding": "",
            "content_language": "",
            "content_type": "text/plain; charset=utf-8",
            "crc32c": "z8SuHQ==",
            "detect_md5hash": "rL0Y20zC+Fzt72VPzMSk2A==",
            "id": "proteus-dataflow-dev-DataFlowTempLocation/",
            "md5hash": "rL0Y20zC+Fzt72VPzMSk2A==",
            "name": "DataFlowTempLocation/",
            "output_name": "DataFlowTempLocation/",
            "self_link": "https://www.googleapis.com/storage/v1/b/proteus-dataflow-dev/o/DataFlowTempLocation%2F",
            "source": null,
            "storage_class": "STANDARD"
          },
          "sensitive_attributes": [],
          "private": "bnVsbA=="
        }
      ]
    },
    {
      "mode": "managed",
      "type": "google_storage_bucket_object",
      "name": "proteus_bigquery",
      "provider": "provider[\"registry.terraform.io/hashicorp/google\"]",
      "instances": [
        {
          "schema_version": 0,
          "attributes": {
            "bucket": "proteus-dataflow-dev",
            "cache_control": "",
            "content": "foo",
            "content_disposition": "",
            "content_encoding": "",
            "content_language": "",
            "content_type": "text/plain; charset=utf-8",
            "crc32c": "z8SuHQ==",
            "detect_md5hash": "rL0Y20zC+Fzt72VPzMSk2A==",
            "id": "proteus-dataflow-dev-proteus_bigquery/",
            "md5hash": "rL0Y20zC+Fzt72VPzMSk2A==",
            "name": "proteus_bigquery/",
            "output_name": "proteus_bigquery/",
            "self_link": "https://www.googleapis.com/storage/v1/b/proteus-dataflow-dev/o/proteus_bigquery%2F",
            "source": null,
            "storage_class": "STANDARD"
          },
          "sensitive_attributes": [],
          "private": "bnVsbA=="
        }
      ]
    }
  ]
}
